
Microsoft Visual Studio Solution File, Format Version 12.00
# Visual Studio Version 17
VisualStudioVersion = 17.9.34622.214
MinimumVisualStudioVersion = 10.0.40219.1
Project("{FAE04EC0-301F-11D3-BF4B-00C04F79EFBC}") = "CapaVista", "CapaVista.csproj", "{2FCAA9CE-9E1B-442A-88F9-01F2F4FA9860}"
EndProject
Project("{FAE04EC0-301F-11D3-BF4B-00C04F79EFBC}") = "Modelos", "..\Modelos\Modelos.csproj", "{9423218F-BA87-4AC3-88BC-1810AA5DAB7E}"
EndProject
Project("{FAE04EC0-301F-11D3-BF4B-00C04F79EFBC}") = "CapaDatos", "..\Datos\CapaDatos.csproj", "{34FBE397-C251-4D64-8CD8-1D36C21C18B5}"
EndProject
Global
	GlobalSection(SolutionConfigurationPlatforms) = preSolution
		Debug|Any CPU = Debug|Any CPU
		Release|Any CPU = Release|Any CPU
	EndGlobalSection
	GlobalSection(ProjectConfigurationPlatforms) = postSolution
		{2FCAA9CE-9E1B-442A-88F9-01F2F4FA9860}.Debug|Any CPU.ActiveCfg = Debug|Any CPU
		{2FCAA9CE-9E1B-442A-88F9-01F2F4FA9860}.Debug|Any CPU.Build.0 = Debug|Any CPU
		{2FCAA9CE-9E1B-442A-88F9-01F2F4FA9860}.Release|Any CPU.ActiveCfg = Release|Any CPU
		{2FCAA9CE-9E1B-442A-88F9-01F2F4FA9860}.Release|Any CPU.Build.0 = Release|Any CPU
		{9423218F-BA87-4AC3-88BC-1810AA5DAB7E}.Debug|Any CPU.ActiveCfg = Debug|Any CPU
		{9423218F-BA87-4AC3-88BC-1810AA5DAB7E}.Debug|Any CPU.Build.0 = Debug|Any CPU
		{9423218F-BA87-4AC3-88BC-1810AA5DAB7E}.Release|Any CPU.ActiveCfg = Release|Any CPU
		{9423218F-BA87-4AC3-88BC-1810AA5DAB7E}.Release|Any CPU.Build.0 = Release|Any CPU
		{34FBE397-C251-4D64-8CD8-1D36C21C18B5}.Debug|Any CPU.ActiveCfg = Debug|Any CPU
		{34FBE397-C251-4D64-8CD8-1D36C21C18B5}.Debug|Any CPU.Build.0 = Debug|Any CPU
		{34FBE397-C251-4D64-8CD8-1D36C21C18B5}.Release|Any CPU.ActiveCfg = Release|Any CPU
		{34FBE397-C251-4D64-8CD8-1D36C21C18B5}.Release|Any CPU.Build.0 = Release|Any CPU
	EndGlobalSection
	GlobalSection(SolutionProperties) = preSolution
		HideSolutionNode = FALSE
	EndGlobalSection
	GlobalSection(ExtensibilityGlobals) = postSolution
		SolutionGuid = {83EEF58F-F936-442E-B6A5-9972EEFCED84}
	EndGlobalSection
EndGlobal
